
Microsoft Visual Studio Solution File, Format Version 12.00
# Visual Studio 2013
VisualStudioVersion = 12.0.31101.0
MinimumVisualStudioVersion = 10.0.40219.1
Project("{FAE04EC0-301F-11D3-BF4B-00C04F79EFBC}") = "TfsMigrationTool", "TfsMigrationTool\TfsMigrationTool.csproj", "{D502CAAA-62F0-4BE5-BD92-7552A95B8753}"
EndProject
Global
	GlobalSection(SolutionConfigurationPlatforms) = preSolution
		Debug|Any CPU = Debug|Any CPU
		Release|Any CPU = Release|Any CPU
	EndGlobalSection
	GlobalSection(ProjectConfigurationPlatforms) = postSolution
		{D502CAAA-62F0-4BE5-BD92-7552A95B8753}.Debug|Any CPU.ActiveCfg = Debug|Any CPU
		{D502CAAA-62F0-4BE5-BD92-7552A95B8753}.Debug|Any CPU.Build.0 = Debug|Any CPU
		{D502CAAA-62F0-4BE5-BD92-7552A95B8753}.Release|Any CPU.ActiveCfg = Release|Any CPU
		{D502CAAA-62F0-4BE5-BD92-7552A95B8753}.Release|Any CPU.Build.0 = Release|Any CPU
	EndGlobalSection
	GlobalSection(SolutionProperties) = preSolution
		HideSolutionNode = FALSE
	EndGlobalSection
EndGlobal
